
Microsoft Visual Studio Solution File, Format Version 12.00
# Visual Studio Version 17
VisualStudioVersion = 17.13.35919.96 d17.13
MinimumVisualStudioVersion = 10.0.40219.1
Project("{FAE04EC0-301F-11D3-BF4B-00C04F79EFBC}") = "casman", "casman\casman.csproj", "{2578571C-1CD2-4C3B-B281-15726C120CF0}"
EndProject
Global
	GlobalSection(SolutionConfigurationPlatforms) = preSolution
		Debug|Any CPU = Debug|Any CPU
		Release|Any CPU = Release|Any CPU
	EndGlobalSection
	GlobalSection(ProjectConfigurationPlatforms) = postSolution
		{2578571C-1CD2-4C3B-B281-15726C120CF0}.Debug|Any CPU.ActiveCfg = Debug|Any CPU
		{2578571C-1CD2-4C3B-B281-15726C120CF0}.Debug|Any CPU.Build.0 = Debug|Any CPU
		{2578571C-1CD2-4C3B-B281-15726C120CF0}.Release|Any CPU.ActiveCfg = Release|Any CPU
		{2578571C-1CD2-4C3B-B281-15726C120CF0}.Release|Any CPU.Build.0 = Release|Any CPU
	EndGlobalSection
	GlobalSection(SolutionProperties) = preSolution
		HideSolutionNode = FALSE
	EndGlobalSection
	GlobalSection(ExtensibilityGlobals) = postSolution
		SolutionGuid = {3D578992-693A-4798-9C5D-C4E95AF46317}
	EndGlobalSection
EndGlobal
